
Microsoft Visual Studio Solution File, Format Version 12.00
# Visual Studio Version 17
VisualStudioVersion = 17.7.34221.43
MinimumVisualStudioVersion = 10.0.40219.1
Project("{9A19103F-16F7-4668-BE54-9A1E7A4F7556}") = "TelemetryVibShaker", "TelemetryVibShaker\TelemetryVibShaker.csproj", "{C1172C0F-DFE2-46D4-A71E-42E3137B56FF}"
EndProject
Project("{FAE04EC0-301F-11D3-BF4B-00C04F79EFBC}") = "LocalNetworkDelay", "LocalNetworkDelay\LocalNetworkDelay.csproj", "{831B3B04-4BCE-4CB5-BA06-CC95DB7965BB}"
EndProject
Project("{FAE04EC0-301F-11D3-BF4B-00C04F79EFBC}") = "UDP_Echo_Server", "UDP_Echo_Server\UDP_Echo_Server.csproj", "{41BB47E9-41D8-4607-8111-89E6182836BB}"
EndProject
Project("{FAE04EC0-301F-11D3-BF4B-00C04F79EFBC}") = "WAV Test Player", "WAV Test Player\WAV Test Player.csproj", "{7CA6E2A0-6D2B-40E7-9FEB-F787081B3391}"
EndProject
Project("{FAE04EC0-301F-11D3-BF4B-00C04F79EFBC}") = "FloatingPointPerformance", "FloatingPointPerformance\FloatingPointPerformance.csproj", "{CE1D19C3-2FA5-4219-BFEB-40BB0FAD2D65}"
EndProject
Project("{2150E333-8FDC-42A3-9474-1A3956D46DE8}") = "Solution Items", "Solution Items", "{F5D0ADF3-511C-44FC-91E3-5A062DA42447}"
EndProject
Global
	GlobalSection(SolutionConfigurationPlatforms) = preSolution
		Debug|Any CPU = Debug|Any CPU
		Debug|x64 = Debug|x64
		Release|Any CPU = Release|Any CPU
		Release|x64 = Release|x64
	EndGlobalSection
	GlobalSection(ProjectConfigurationPlatforms) = postSolution
		{C1172C0F-DFE2-46D4-A71E-42E3137B56FF}.Debug|Any CPU.ActiveCfg = Debug|Any CPU
		{C1172C0F-DFE2-46D4-A71E-42E3137B56FF}.Debug|Any CPU.Build.0 = Debug|Any CPU
		{C1172C0F-DFE2-46D4-A71E-42E3137B56FF}.Debug|x64.ActiveCfg = Debug|x64
		{C1172C0F-DFE2-46D4-A71E-42E3137B56FF}.Debug|x64.Build.0 = Debug|x64
		{C1172C0F-DFE2-46D4-A71E-42E3137B56FF}.Release|Any CPU.ActiveCfg = Release|Any CPU
		{C1172C0F-DFE2-46D4-A71E-42E3137B56FF}.Release|Any CPU.Build.0 = Release|Any CPU
		{C1172C0F-DFE2-46D4-A71E-42E3137B56FF}.Release|x64.ActiveCfg = Release|x64
		{C1172C0F-DFE2-46D4-A71E-42E3137B56FF}.Release|x64.Build.0 = Release|x64
		{831B3B04-4BCE-4CB5-BA06-CC95DB7965BB}.Debug|Any CPU.ActiveCfg = Debug|Any CPU
		{831B3B04-4BCE-4CB5-BA06-CC95DB7965BB}.Debug|Any CPU.Build.0 = Debug|Any CPU
		{831B3B04-4BCE-4CB5-BA06-CC95DB7965BB}.Debug|x64.ActiveCfg = Debug|x64
		{831B3B04-4BCE-4CB5-BA06-CC95DB7965BB}.Debug|x64.Build.0 = Debug|x64
		{831B3B04-4BCE-4CB5-BA06-CC95DB7965BB}.Release|Any CPU.ActiveCfg = Release|Any CPU
		{831B3B04-4BCE-4CB5-BA06-CC95DB7965BB}.Release|Any CPU.Build.0 = Release|Any CPU
		{831B3B04-4BCE-4CB5-BA06-CC95DB7965BB}.Release|x64.ActiveCfg = Release|x64
		{831B3B04-4BCE-4CB5-BA06-CC95DB7965BB}.Release|x64.Build.0 = Release|x64
		{41BB47E9-41D8-4607-8111-89E6182836BB}.Debug|Any CPU.ActiveCfg = Debug|Any CPU
		{41BB47E9-41D8-4607-8111-89E6182836BB}.Debug|Any CPU.Build.0 = Debug|Any CPU
		{41BB47E9-41D8-4607-8111-89E6182836BB}.Debug|x64.ActiveCfg = Debug|x64
		{41BB47E9-41D8-4607-8111-89E6182836BB}.Debug|x64.Build.0 = Debug|x64
		{41BB47E9-41D8-4607-8111-89E6182836BB}.Release|Any CPU.ActiveCfg = Release|Any CPU
		{41BB47E9-41D8-4607-8111-89E6182836BB}.Release|Any CPU.Build.0 = Release|Any CPU
		{41BB47E9-41D8-4607-8111-89E6182836BB}.Release|x64.ActiveCfg = Release|x64
		{41BB47E9-41D8-4607-8111-89E6182836BB}.Release|x64.Build.0 = Release|x64
		{7CA6E2A0-6D2B-40E7-9FEB-F787081B3391}.Debug|Any CPU.ActiveCfg = Debug|Any CPU
		{7CA6E2A0-6D2B-40E7-9FEB-F787081B3391}.Debug|Any CPU.Build.0 = Debug|Any CPU
		{7CA6E2A0-6D2B-40E7-9FEB-F787081B3391}.Debug|x64.ActiveCfg = Debug|x64
		{7CA6E2A0-6D2B-40E7-9FEB-F787081B3391}.Debug|x64.Build.0 = Debug|x64
		{7CA6E2A0-6D2B-40E7-9FEB-F787081B3391}.Release|Any CPU.ActiveCfg = Release|Any CPU
		{7CA6E2A0-6D2B-40E7-9FEB-F787081B3391}.Release|Any CPU.Build.0 = Release|Any CPU
		{7CA6E2A0-6D2B-40E7-9FEB-F787081B3391}.Release|x64.ActiveCfg = Release|x64
		{7CA6E2A0-6D2B-40E7-9FEB-F787081B3391}.Release|x64.Build.0 = Release|x64
		{CE1D19C3-2FA5-4219-BFEB-40BB0FAD2D65}.Debug|Any CPU.ActiveCfg = Debug|Any CPU
		{CE1D19C3-2FA5-4219-BFEB-40BB0FAD2D65}.Debug|Any CPU.Build.0 = Debug|Any CPU
		{CE1D19C3-2FA5-4219-BFEB-40BB0FAD2D65}.Debug|x64.ActiveCfg = Debug|x64
		{CE1D19C3-2FA5-4219-BFEB-40BB0FAD2D65}.Debug|x64.Build.0 = Debug|x64
		{CE1D19C3-2FA5-4219-BFEB-40BB0FAD2D65}.Release|Any CPU.ActiveCfg = Release|Any CPU
		{CE1D19C3-2FA5-4219-BFEB-40BB0FAD2D65}.Release|Any CPU.Build.0 = Release|Any CPU
		{CE1D19C3-2FA5-4219-BFEB-40BB0FAD2D65}.Release|x64.ActiveCfg = Release|x64
		{CE1D19C3-2FA5-4219-BFEB-40BB0FAD2D65}.Release|x64.Build.0 = Release|x64
	EndGlobalSection
	GlobalSection(SolutionProperties) = preSolution
		HideSolutionNode = FALSE
	EndGlobalSection
	GlobalSection(ExtensibilityGlobals) = postSolution
		SolutionGuid = {3768995D-6E66-4EE5-B5FD-346247D2D03D}
	EndGlobalSection
EndGlobal
